<?xml version="1.0" encoding="utf-8"?>
<Project ToolsVersion="4.0" xmlns="http://schemas.microsoft.com/developer/msbuild/2003">
  <ItemGroup>
    <Filter Include="源文件">
      <UniqueIdentifier>{4FC737F1-C7A5-4376-A066-2A32D752A2FF}</UniqueIdentifier>
      <Extensions>cpp;c;cc;cxx;def;odl;idl;hpj;bat;asm;asmx</Extensions>
    </Filter>
    <Filter Include="头文件">
      <UniqueIdentifier>{93995380-89BD-4b04-88EB-625FBE52EBFB}</UniqueIdentifier>
      <Extensions>h;hh;hpp;hxx;hm;inl;inc;xsd</Extensions>
    </Filter>
    <Filter Include="资源文件">
      <UniqueIdentifier>{67DA6AB6-F800-4c08-8B7A-83BB121AAD01}</UniqueIdentifier>
      <Extensions>rc;ico;cur;bmp;dlg;rc2;rct;bin;rgs;gif;jpg;jpeg;jpe;resx;tiff;tif;png;wav;mfcribbon-ms</Extensions>
    </Filter>
  </ItemGroup>
  <ItemGroup>
    <ClCompile Include="..\..\yabause\yabause\src\bios.c">
      <Filter>源文件</Filter>
    </ClCompile>
    <ClCompile Include="..\..\yabause\yabause\src\cd_drive.c">
      <Filter>源文件</Filter>
    </ClCompile>
    <ClCompile Include="..\..\yabause\yabause\src\cdbase.c">
      <Filter>源文件</Filter>
    </ClCompile>
    <ClCompile Include="..\..\yabause\yabause\src\cd-freebsd.c">
      <Filter>源文件</Filter>
    </ClCompile>
    <ClCompile Include="..\..\yabause\yabause\src\cd-linux.c">
      <Filter>源文件</Filter>
    </ClCompile>
    <ClCompile Include="..\..\yabause\yabause\src\cd-macosx.c">
      <Filter>源文件</Filter>
    </ClCompile>
    <ClCompile Include="..\..\yabause\yabause\src\cd-netbsd.c">
      <Filter>源文件</Filter>
    </ClCompile>
    <ClCompile Include="..\..\yabause\yabause\src\cd-windows.c">
      <Filter>源文件</Filter>
    </ClCompile>
    <ClCompile Include="..\..\yabause\yabause\src\cheat.c">
      <Filter>源文件</Filter>
    </ClCompile>
    <ClCompile Include="..\..\yabause\yabause\src\coffelf.c">
      <Filter>源文件</Filter>
    </ClCompile>
    <ClCompile Include="..\..\yabause\yabause\src\cs0.c">
      <Filter>源文件</Filter>
    </ClCompile>
    <ClCompile Include="..\..\yabause\yabause\src\cs1.c">
      <Filter>源文件</Filter>
    </ClCompile>
    <ClCompile Include="..\..\yabause\yabause\src\cs2.c">
      <Filter>源文件</Filter>
    </ClCompile>
    <ClCompile Include="..\..\yabause\yabause\src\debug.c">
      <Filter>源文件</Filter>
    </ClCompile>
    <ClCompile Include="..\..\yabause\yabause\src\error.c">
      <Filter>源文件</Filter>
    </ClCompile>
    <ClCompile Include="..\..\yabause\yabause\src\gameinfo.c">
      <Filter>源文件</Filter>
    </ClCompile>
    <ClCompile Include="..\..\yabause\yabause\src\japmodem.c">
      <Filter>源文件</Filter>
    </ClCompile>
    <ClCompile Include="..\..\yabause\yabause\src\m68kc68k.c">
      <Filter>源文件</Filter>
    </ClCompile>
    <ClCompile Include="..\..\yabause\yabause\src\m68kcore.c">
      <Filter>源文件</Filter>
    </ClCompile>
    <ClCompile Include="..\..\yabause\yabause\src\m68kd.c">
      <Filter>源文件</Filter>
    </ClCompile>
    <ClCompile Include="..\..\yabause\yabause\src\m68kmusashi.c">
      <Filter>源文件</Filter>
    </ClCompile>
    <ClCompile Include="..\..\yabause\yabause\src\m68kq68.c">
      <Filter>源文件</Filter>
    </ClCompile>
    <ClCompile Include="..\..\yabause\yabause\src\macjoy.c">
      <Filter>源文件</Filter>
    </ClCompile>
    <ClCompile Include="..\..\yabause\yabause\src\memory.c">
      <Filter>源文件</Filter>
    </ClCompile>
    <ClCompile Include="..\..\yabause\yabause\src\movie.c">
      <Filter>源文件</Filter>
    </ClCompile>
    <ClCompile Include="..\..\yabause\yabause\src\mpeg_card.c">
      <Filter>源文件</Filter>
    </ClCompile>
    <ClCompile Include="..\..\yabause\yabause\src\netlink.c">
      <Filter>源文件</Filter>
    </ClCompile>
    <ClCompile Include="..\..\yabause\yabause\src\osdcore.c">
      <Filter>源文件</Filter>
    </ClCompile>
    <ClCompile Include="..\..\yabause\yabause\src\perdx.c">
      <Filter>源文件</Filter>
    </ClCompile>
    <ClCompile Include="..\..\yabause\yabause\src\peripheral.c">
      <Filter>源文件</Filter>
    </ClCompile>
    <ClCompile Include="..\..\yabause\yabause\src\perlinuxjoy.c">
      <Filter>源文件</Filter>
    </ClCompile>
    <ClCompile Include="..\..\yabause\yabause\src\permacjoy.c">
      <Filter>源文件</Filter>
    </ClCompile>
    <ClCompile Include="..\..\yabause\yabause\src\persdljoy.c">
      <Filter>源文件</Filter>
    </ClCompile>
    <ClCompile Include="..\..\yabause\yabause\src\profile.c">
      <Filter>源文件</Filter>
    </ClCompile>
    <ClCompile Include="..\..\yabause\yabause\src\scr-x.c">
      <Filter>源文件</Filter>
    </ClCompile>
    <ClCompile Include="..\..\yabause\yabause\src\scsp.c">
      <Filter>源文件</Filter>
    </ClCompile>
    <ClCompile Include="..\..\yabause\yabause\src\scsp_dsp_jit.cpp">
      <Filter>源文件</Filter>
    </ClCompile>
    <ClCompile Include="..\..\yabause\yabause\src\scsp2.c">
      <Filter>源文件</Filter>
    </ClCompile>
    <ClCompile Include="..\..\yabause\yabause\src\scspdsp.c">
      <Filter>源文件</Filter>
    </ClCompile>
    <ClCompile Include="..\..\yabause\yabause\src\scu.c">
      <Filter>源文件</Filter>
    </ClCompile>
    <ClCompile Include="..\..\yabause\yabause\src\scu_dsp_jit.cpp">
      <Filter>源文件</Filter>
    </ClCompile>
    <ClCompile Include="..\..\yabause\yabause\src\sh2_jit.cpp">
      <Filter>源文件</Filter>
    </ClCompile>
    <ClCompile Include="..\..\yabause\yabause\src\sh2cache.c">
      <Filter>源文件</Filter>
    </ClCompile>
    <ClCompile Include="..\..\yabause\yabause\src\sh2core.c">
      <Filter>源文件</Filter>
    </ClCompile>
    <ClCompile Include="..\..\yabause\yabause\src\sh2d.c">
      <Filter>源文件</Filter>
    </ClCompile>
    <ClCompile Include="..\..\yabause\yabause\src\sh2iasm.c">
      <Filter>源文件</Filter>
    </ClCompile>
    <ClCompile Include="..\..\yabause\yabause\src\sh2idle.c">
      <Filter>源文件</Filter>
    </ClCompile>
    <ClCompile Include="..\..\yabause\yabause\src\sh2int.c">
      <Filter>源文件</Filter>
    </ClCompile>
    <ClCompile Include="..\..\yabause\yabause\src\sh2trace.c">
      <Filter>源文件</Filter>
    </ClCompile>
    <ClCompile Include="..\..\yabause\yabause\src\sh7034.c">
      <Filter>源文件</Filter>
    </ClCompile>
    <ClCompile Include="..\..\yabause\yabause\src\smpc.c">
      <Filter>源文件</Filter>
    </ClCompile>
    <ClCompile Include="..\..\yabause\yabause\src\sndal.c">
      <Filter>源文件</Filter>
    </ClCompile>
    <ClCompile Include="..\..\yabause\yabause\src\snddummy.c">
      <Filter>源文件</Filter>
    </ClCompile>
    <ClCompile Include="..\..\yabause\yabause\src\snddx.c">
      <Filter>源文件</Filter>
    </ClCompile>
    <ClCompile Include="..\..\yabause\yabause\src\sndmac.c">
      <Filter>源文件</Filter>
    </ClCompile>
    <ClCompile Include="..\..\yabause\yabause\src\sndsdl.c">
      <Filter>源文件</Filter>
    </ClCompile>
    <ClCompile Include="..\..\yabause\yabause\src\sndwav.c">
      <Filter>源文件</Filter>
    </ClCompile>
    <ClCompile Include="..\..\yabause\yabause\src\sock-dummy.c">
      <Filter>源文件</Filter>
    </ClCompile>
    <ClCompile Include="..\..\yabause\yabause\src\sock-linux.c">
      <Filter>源文件</Filter>
    </ClCompile>
    <ClCompile Include="..\..\yabause\yabause\src\sock-windows.c">
      <Filter>源文件</Filter>
    </ClCompile>
    <ClCompile Include="..\..\yabause\yabause\src\thr-dummy.c">
      <Filter>源文件</Filter>
    </ClCompile>
    <ClCompile Include="..\..\yabause\yabause\src\thr-linux.c">
      <Filter>源文件</Filter>
    </ClCompile>
    <ClCompile Include="..\..\yabause\yabause\src\thr-macosx.c">
      <Filter>源文件</Filter>
    </ClCompile>
    <ClCompile Include="..\..\yabause\yabause\src\thr-windows.c">
      <Filter>源文件</Filter>
    </ClCompile>
    <ClCompile Include="..\..\yabause\yabause\src\vdp1.c">
      <Filter>源文件</Filter>
    </ClCompile>
    <ClCompile Include="..\..\yabause\yabause\src\vdp2.c">
      <Filter>源文件</Filter>
    </ClCompile>
    <ClCompile Include="..\..\yabause\yabause\src\vdp2debug.c">
      <Filter>源文件</Filter>
    </ClCompile>
    <ClCompile Include="..\..\yabause\yabause\src\vidogl.c">
      <Filter>源文件</Filter>
    </ClCompile>
    <ClCompile Include="..\..\yabause\yabause\src\vidshared.c">
      <Filter>源文件</Filter>
    </ClCompile>
    <ClCompile Include="..\..\yabause\yabause\src\vidsoft.c">
      <Filter>源文件</Filter>
    </ClCompile>
    <ClCompile Include="..\..\yabause\yabause\src\yabause.c">
      <Filter>源文件</Filter>
    </ClCompile>
    <ClCompile Include="..\..\yabause\yabause\src\yglcache.c">
      <Filter>源文件</Filter>
    </ClCompile>
    <ClCompile Include="..\..\yabause\yabause\src\yglcache.cpp">
      <Filter>源文件</Filter>
    </ClCompile>
    <ClCompile Include="..\..\yabause\yabause\src\ygles.c">
      <Filter>源文件</Filter>
    </ClCompile>
    <ClCompile Include="..\..\yabause\yabause\src\yglshaderes.c">
      <Filter>源文件</Filter>
    </ClCompile>
    <ClCompile Include="..\..\yabause\yabause\src\ygr.c">
      <Filter>源文件</Filter>
    </ClCompile>
  </ItemGroup>
  <ItemGroup>
    <ClInclude Include="..\..\yabause\yabause\src\bios.h">
      <Filter>头文件</Filter>
    </ClInclude>
    <ClInclude Include="..\..\yabause\yabause\src\cd_drive.h">
      <Filter>头文件</Filter>
    </ClInclude>
    <ClInclude Include="..\..\yabause\yabause\src\cdbase.h">
      <Filter>头文件</Filter>
    </ClInclude>
    <ClInclude Include="..\..\yabause\yabause\src\cheat.h">
      <Filter>头文件</Filter>
    </ClInclude>
    <ClInclude Include="..\..\yabause\yabause\src\coffelf.h">
      <Filter>头文件</Filter>
    </ClInclude>
    <ClInclude Include="..\..\yabause\yabause\src\core.h">
      <Filter>头文件</Filter>
    </ClInclude>
    <ClInclude Include="..\..\yabause\yabause\src\cs0.h">
      <Filter>头文件</Filter>
    </ClInclude>
    <ClInclude Include="..\..\yabause\yabause\src\cs1.h">
      <Filter>头文件</Filter>
    </ClInclude>
    <ClInclude Include="..\..\yabause\yabause\src\cs2.h">
      <Filter>头文件</Filter>
    </ClInclude>
    <ClInclude Include="..\..\yabause\yabause\src\debug.h">
      <Filter>头文件</Filter>
    </ClInclude>
    <ClInclude Include="..\..\yabause\yabause\src\dx.h">
      <Filter>头文件</Filter>
    </ClInclude>
    <ClInclude Include="..\..\yabause\yabause\src\error.h">
      <Filter>头文件</Filter>
    </ClInclude>
    <ClInclude Include="..\..\yabause\yabause\src\fakeddk.h">
      <Filter>头文件</Filter>
    </ClInclude>
    <ClInclude Include="..\..\yabause\yabause\src\font.h">
      <Filter>头文件</Filter>
    </ClInclude>
    <ClInclude Include="..\..\yabause\yabause\src\gameinfo.h">
      <Filter>头文件</Filter>
    </ClInclude>
    <ClInclude Include="..\..\yabause\yabause\src\glext.h">
      <Filter>头文件</Filter>
    </ClInclude>
    <ClInclude Include="..\..\yabause\yabause\src\japmodem.h">
      <Filter>头文件</Filter>
    </ClInclude>
    <ClInclude Include="..\..\yabause\yabause\src\m68kc68k.h">
      <Filter>头文件</Filter>
    </ClInclude>
    <ClInclude Include="..\..\yabause\yabause\src\m68kcore.h">
      <Filter>头文件</Filter>
    </ClInclude>
    <ClInclude Include="..\..\yabause\yabause\src\m68kd.h">
      <Filter>头文件</Filter>
    </ClInclude>
    <ClInclude Include="..\..\yabause\yabause\src\m68kmusashi.h">
      <Filter>头文件</Filter>
    </ClInclude>
    <ClInclude Include="..\..\yabause\yabause\src\macjoy.h">
      <Filter>头文件</Filter>
    </ClInclude>
    <ClInclude Include="..\..\yabause\yabause\src\memory.h">
      <Filter>头文件</Filter>
    </ClInclude>
    <ClInclude Include="..\..\yabause\yabause\src\movie.h">
      <Filter>头文件</Filter>
    </ClInclude>
    <ClInclude Include="..\..\yabause\yabause\src\mpeg_card.h">
      <Filter>头文件</Filter>
    </ClInclude>
    <ClInclude Include="..\..\yabause\yabause\src\netlink.h">
      <Filter>头文件</Filter>
    </ClInclude>
    <ClInclude Include="..\..\yabause\yabause\src\osdcore.h">
      <Filter>头文件</Filter>
    </ClInclude>
    <ClInclude Include="..\..\yabause\yabause\src\perdx.h">
      <Filter>头文件</Filter>
    </ClInclude>
    <ClInclude Include="..\..\yabause\yabause\src\peripheral.h">
      <Filter>头文件</Filter>
    </ClInclude>
    <ClInclude Include="..\..\yabause\yabause\src\perlinuxjoy.h">
      <Filter>头文件</Filter>
    </ClInclude>
    <ClInclude Include="..\..\yabause\yabause\src\permacjoy.h">
      <Filter>头文件</Filter>
    </ClInclude>
    <ClInclude Include="..\..\yabause\yabause\src\persdljoy.h">
      <Filter>头文件</Filter>
    </ClInclude>
    <ClInclude Include="..\..\yabause\yabause\src\profile.h">
      <Filter>头文件</Filter>
    </ClInclude>
    <ClInclude Include="..\..\yabause\yabause\src\screen.h">
      <Filter>头文件</Filter>
    </ClInclude>
    <ClInclude Include="..\..\yabause\yabause\src\scsp.h">
      <Filter>头文件</Filter>
    </ClInclude>
    <ClInclude Include="..\..\yabause\yabause\src\scsp_dsp_jit.h">
      <Filter>头文件</Filter>
    </ClInclude>
    <ClInclude Include="..\..\yabause\yabause\src\scsp2.h">
      <Filter>头文件</Filter>
    </ClInclude>
    <ClInclude Include="..\..\yabause\yabause\src\scspdsp.h">
      <Filter>头文件</Filter>
    </ClInclude>
    <ClInclude Include="..\..\yabause\yabause\src\scu.h">
      <Filter>头文件</Filter>
    </ClInclude>
    <ClInclude Include="..\..\yabause\yabause\src\scu_dsp_jit.h">
      <Filter>头文件</Filter>
    </ClInclude>
    <ClInclude Include="..\..\yabause\yabause\src\sh2_jit.h">
      <Filter>头文件</Filter>
    </ClInclude>
    <ClInclude Include="..\..\yabause\yabause\src\sh2cache.h">
      <Filter>头文件</Filter>
    </ClInclude>
    <ClInclude Include="..\..\yabause\yabause\src\sh2core.h">
      <Filter>头文件</Filter>
    </ClInclude>
    <ClInclude Include="..\..\yabause\yabause\src\sh2d.h">
      <Filter>头文件</Filter>
    </ClInclude>
    <ClInclude Include="..\..\yabause\yabause\src\sh2iasm.h">
      <Filter>头文件</Filter>
    </ClInclude>
    <ClInclude Include="..\..\yabause\yabause\src\sh2idle.h">
      <Filter>头文件</Filter>
    </ClInclude>
    <ClInclude Include="..\..\yabause\yabause\src\sh2int.h">
      <Filter>头文件</Filter>
    </ClInclude>
    <ClInclude Include="..\..\yabause\yabause\src\sh2trace.h">
      <Filter>头文件</Filter>
    </ClInclude>
    <ClInclude Include="..\..\yabause\yabause\src\sh7034.h">
      <Filter>头文件</Filter>
    </ClInclude>
    <ClInclude Include="..\..\yabause\yabause\src\sh-opc.h">
      <Filter>头文件</Filter>
    </ClInclude>
    <ClInclude Include="..\..\yabause\yabause\src\smpc.h">
      <Filter>头文件</Filter>
    </ClInclude>
    <ClInclude Include="..\..\yabause\yabause\src\sndal.h">
      <Filter>头文件</Filter>
    </ClInclude>
    <ClInclude Include="..\..\yabause\yabause\src\snddx.h">
      <Filter>头文件</Filter>
    </ClInclude>
    <ClInclude Include="..\..\yabause\yabause\src\sndmac.h">
      <Filter>头文件</Filter>
    </ClInclude>
    <ClInclude Include="..\..\yabause\yabause\src\sndsdl.h">
      <Filter>头文件</Filter>
    </ClInclude>
    <ClInclude Include="..\..\yabause\yabause\src\sock.h">
      <Filter>头文件</Filter>
    </ClInclude>
    <ClInclude Include="..\..\yabause\yabause\src\threads.h">
      <Filter>头文件</Filter>
    </ClInclude>
    <ClInclude Include="..\..\yabause\yabause\src\vdp1.h">
      <Filter>头文件</Filter>
    </ClInclude>
    <ClInclude Include="..\..\yabause\yabause\src\vdp2.h">
      <Filter>头文件</Filter>
    </ClInclude>
    <ClInclude Include="..\..\yabause\yabause\src\vdp2debug.h">
      <Filter>头文件</Filter>
    </ClInclude>
    <ClInclude Include="..\..\yabause\yabause\src\vidogl.h">
      <Filter>头文件</Filter>
    </ClInclude>
    <ClInclude Include="..\..\yabause\yabause\src\vidshared.h">
      <Filter>头文件</Filter>
    </ClInclude>
    <ClInclude Include="..\..\yabause\yabause\src\vidsoft.h">
      <Filter>头文件</Filter>
    </ClInclude>
    <ClInclude Include="..\..\yabause\yabause\src\yabause.h">
      <Filter>头文件</Filter>
    </ClInclude>
    <ClInclude Include="..\..\yabause\yabause\src\ygl.h">
      <Filter>头文件</Filter>
    </ClInclude>
    <ClInclude Include="..\..\yabause\yabause\src\ygr.h">
      <Filter>头文件</Filter>
    </ClInclude>
    <ClInclude Include="..\..\yabause\yabause\src\yui.h">
      <Filter>头文件</Filter>
    </ClInclude>
  </ItemGroup>
  <ItemGroup>
    <Text Include="..\..\yabause\yabause\src\CMakeLists.txt" />
    <Text Include="..\..\yabause\yabause\src\sh1-pseudo.txt" />
  </ItemGroup>
  <ItemGroup>
    <None Include="..\..\yabause\yabause\src\config.h.in" />
    <None Include="..\..\yabause\yabause\src\logo.svg" />
    <None Include="..\..\yabause\yabause\src\Makefile.dc" />
  </ItemGroup>
  <ItemGroup>
    <Image Include="..\..\yabause\yabause\src\logo.bmp">
      <Filter>资源文件</Filter>
    </Image>
    <Image Include="..\..\yabause\yabause\src\logo.ico">
      <Filter>资源文件</Filter>
    </Image>
    <Image Include="..\..\yabause\yabause\src\logo.png">
      <Filter>资源文件</Filter>
    </Image>
  </ItemGroup>
</Project>